# This file is generated by running "yarn install" inside your project.
# Manual changes might be lost - proceed with caution!

__metadata:
  version: 4
  cacheKey: 7

"balanced-match@npm:^1.0.0":
  version: 1.0.2
  resolution: "balanced-match@npm:1.0.2"
  checksum: 690643f3009a04289ac401079de5a780aae452f7625fb2884051cc847b231e6521ee15dd6430b066d3cf4bd8bb00bb7ff55b7d134f34b8f0b8c043806796f94e
  languageName: node
  linkType: hard

"brace-expansion@npm:^1.1.7":
  version: 1.1.11
  resolution: "brace-expansion@npm:1.1.11"
  dependencies:
    balanced-match: ^1.0.0
    concat-map: 0.0.1
  checksum: 4c878e25e4858baf801945dfd63eb68feab2e502cf1122f25f3915c0e3bf397af3a93ff6bef0798db41c0d81ef28c08e55daac38058710f749a3b96eee6b8f40
  languageName: node
  linkType: hard

"concat-map@npm:0.0.1":
  version: 0.0.1
  resolution: "concat-map@npm:0.0.1"
  checksum: 554e28d9ee5aa6e061795473ee092cb3d3a2cbdb76c35416e0bb6e03f136d7d07676da387b2ed0ec4106cedbb6534080d9abc48ecc4a92b76406cf2d0c3c0c4b
  languageName: node
  linkType: hard

"cross-env@npm:5.0.5":
  version: 5.0.5
  resolution: "cross-env@npm:5.0.5"
  dependencies:
    cross-spawn: ^5.1.0
    is-windows: ^1.0.0
  bin:
    cross-env: dist/bin/cross-env.js
    cross-env-shell: dist/bin/cross-env-shell.js
  checksum: 908c1aa12424bc08a2041a880c2751d47c3cccc077117133b937770dcaff7f99930c2c130dec0af85ec4bb33f9b1c500941d5e8ab9d8ce7e428a85fc870ba7c9
  languageName: node
  linkType: hard

"cross-spawn@npm:^5.1.0":
  version: 5.1.0
  resolution: "cross-spawn@npm:5.1.0"
  dependencies:
    lru-cache: ^4.0.1
    shebang-command: ^1.2.0
    which: ^1.2.9
  checksum: 96018c42a94a2f69e27c11688db638c343109e4eda5cc6586a83a1d2f102ef2ef4d184919593036748d386ddb67cc3e66658fefec85a4659958cde792f1a9ddc
  languageName: node
  linkType: hard

"fs.realpath@npm:^1.0.0":
  version: 1.0.0
  resolution: "fs.realpath@npm:1.0.0"
  checksum: 698a91b1695e3926185c9e5b0dd57cf687dceb4eb73799af91e6b2ab741735e2962c366c5af6403ffddae2619914193bd339efa706fdc984d0ffc74b7a3603f4
  languageName: node
  linkType: hard

"function-bind@npm:^1.1.1":
  version: 1.1.1
  resolution: "function-bind@npm:1.1.1"
  checksum: ffad86e7d2010ba179aaa6a3987d2cc0ed48fa92d27f1ed84bfa06d14f77deeed5bfbae7f00bdebc0c54218392cab2b18ecc080e2c72f592431927b87a27d42b
  languageName: node
  linkType: hard

"glob@npm:^7.0.0":
  version: 7.1.7
  resolution: "glob@npm:7.1.7"
  dependencies:
    fs.realpath: ^1.0.0
    inflight: ^1.0.4
    inherits: 2
    minimatch: ^3.0.4
    once: ^1.3.0
    path-is-absolute: ^1.0.0
  checksum: 352f74f08247db5420161a2f68f2bd84b53228b5fcfc9dcc37cd54d3f19ec0232495d84aeff1286d0727059e9fdc1031400e00b971bdc59e30f8f82b199c9d02
  languageName: node
  linkType: hard

"has@npm:^1.0.3":
  version: 1.0.3
  resolution: "has@npm:1.0.3"
  dependencies:
    function-bind: ^1.1.1
  checksum: c686e15300d41364486c099a9259d9c418022c294244843dcd712c4c286ff839d4f23a25413baa28c4d2c1e828afc2aaab70f685400b391533980223c71fa1ca
  languageName: node
  linkType: hard

"inflight@npm:^1.0.4":
  version: 1.0.6
  resolution: "inflight@npm:1.0.6"
  dependencies:
    once: ^1.3.0
    wrappy: 1
  checksum: 17c53fc42cbe7f7f471d2bc41b97a0cde4b79a74d5ff59997d3f75210566fa278e17596da526d43de2bd07e222706240ce50e60097e54f2cde2e64cbbb372638
  languageName: node
  linkType: hard

"inherits@npm:2":
  version: 2.0.4
  resolution: "inherits@npm:2.0.4"
  checksum: 98426da247ddfc3dcd7d7daedd90c3ca32d5b08deca08949726f12d49232aef94772a07b36cf4ff833e105ae2ef931777f6de4a6dd8245a216b9299ad4a50bea
  languageName: node
  linkType: hard

"interpret@npm:^1.0.0":
  version: 1.4.0
  resolution: "interpret@npm:1.4.0"
  checksum: f15725d76206525546f559030ddc967db025c6db904eb8798a70ec3c07e42c5537c5cbc73a15eafd4ae5cdabad35601abf8878261c03dcc8217747e8037575fe
  languageName: node
  linkType: hard

"is-core-module@npm:^2.2.0":
  version: 2.4.0
  resolution: "is-core-module@npm:2.4.0"
  dependencies:
    has: ^1.0.3
  checksum: caa2b30873ed14dff76e5351e3c55a677b890cf19cc4263e9894702eb4bd64f81ce78552daad878ba72adcdc9e62cad45ca57928fc8b4bdc84a7ff8acf934389
  languageName: node
  linkType: hard

"is-windows@npm:^1.0.0":
  version: 1.0.2
  resolution: "is-windows@npm:1.0.2"
  checksum: dd1ed8339a28c68fb52f05931c832488dafc90063e53b97a69ead219a5584d7f3e6e564731c2f983962ff5403afeb05365d88ce9af34c8dae76a14911020d73a
  languageName: node
  linkType: hard

"isexe@npm:^2.0.0":
  version: 2.0.0
  resolution: "isexe@npm:2.0.0"
  checksum: 7b437980bb77881a146fba85cfbdf01edc2b148673e9c2722a1e49661fea73adf524430a80fdbfb8ce9f60d43224e682c657c45030482bd39e0c488fc29b4afe
  languageName: node
  linkType: hard

"lru-cache@npm:^4.0.1":
  version: 4.1.5
  resolution: "lru-cache@npm:4.1.5"
  dependencies:
    pseudomap: ^1.0.2
    yallist: ^2.1.2
  checksum: 6a098d23629357451d4324e1e4fefccdd6df316df29e25571c6148220ced923258381ebeafdf919f90e28c780b650427390582618c1d5fe097873e656d062511
  languageName: node
  linkType: hard

"minimatch@npm:^3.0.4":
  version: 3.0.4
  resolution: "minimatch@npm:3.0.4"
  dependencies:
    brace-expansion: ^1.1.7
  checksum: 47eab9263962cacd5733e274ecad2d8e54b0f8e124ba35ae69189e296058f634a4967b87a98954f86fa5c830ff177caf827ce0136d28717ed3232951fb4fae62
  languageName: node
  linkType: hard

"minimist@npm:^1.2.3":
  version: 1.2.5
  resolution: "minimist@npm:1.2.5"
  checksum: b77b8590147a4e217ff34266236bc39de23b52e6e33054076991ff674c7397a1380a7bde11111916f16f003a94aaa7e4f3d92595a32189644ff607fabc65a5b6
  languageName: node
  linkType: hard

"once@npm:^1.3.0":
  version: 1.4.0
  resolution: "once@npm:1.4.0"
  dependencies:
    wrappy: 1
  checksum: 57afc246536cf6494437f982b26475f22bee860f8b77ce8eb1543f42a8bffe04b2c66ddfea9a16cb25ccb80943f8ee4fc639367ef97b7a6a4f2672eb573963f5
  languageName: node
  linkType: hard

"path-is-absolute@npm:^1.0.0":
  version: 1.0.1
  resolution: "path-is-absolute@npm:1.0.1"
  checksum: 907e1e3e6ac0aef6e65adffd75b3892191d76a5b94c5cf26b43667c4240531d11872ca6979c209b2e5e1609f7f579d02f64ba9936b48bb59d36cc529f0d965ed
  languageName: node
  linkType: hard

"path-parse@npm:^1.0.6":
  version: 1.0.7
  resolution: "path-parse@npm:1.0.7"
  checksum: 6de0bfa37b4f09af465ff3900fb4104ca9cb1e1fa5cbe869c40cedd10d5d625d04c284afc34967830eee780bf83fd69c017d72a23ffd35718ec861192ec91dd9
  languageName: node
  linkType: hard

"pseudomap@npm:^1.0.2":
  version: 1.0.2
  resolution: "pseudomap@npm:1.0.2"
  checksum: 1ad1802645e830d99f9c1db97efc6902d2316b660454633229f636dd59e751d00498dd325d3b18d49f2be990a2c9d28f8bfe6f9b544a8220a5faa2bfb4694bb7
  languageName: node
  linkType: hard

"rechoir@npm:^0.6.2":
  version: 0.6.2
  resolution: "rechoir@npm:0.6.2"
  dependencies:
    resolve: ^1.1.6
  checksum: 6646a6bce733282d182bf04816b15d4e2d63736b3453cf62a8568aaa1399621a73b3942315161f549e090f9a3c61bc09f4cb674f928c369a40037621e10295bd
  languageName: node
  linkType: hard

resolve@^1.1.6:
  version: 1.20.0
  resolution: "resolve@npm:1.20.0"
  dependencies:
    is-core-module: ^2.2.0
    path-parse: ^1.0.6
  checksum: 0f5206d454b30e74d9b2d575b5f8aedf443c4d8b90b84cdf79474ade29bb459075220da3127b682896872a16022ed65cc4db09e0f23849654144d3d75c65cd1b
  languageName: node
  linkType: hard

"resolve@patch:resolve@^1.1.6#builtin<compat/resolve>":
  version: 1.20.0
  resolution: "resolve@patch:resolve@npm%3A1.20.0#builtin<compat/resolve>::version=1.20.0&hash=3388aa"
  dependencies:
    is-core-module: ^2.2.0
    path-parse: ^1.0.6
  checksum: c4a515b76026806b5b26513fc7bdb80458c532bc91c02ef45ac928d1025585f93bec0b904be39c02131118a37ff7e3f9258f1526850b025d2ec0948bb5fd03d0
  languageName: node
  linkType: hard

"shebang-command@npm:^1.2.0":
  version: 1.2.0
  resolution: "shebang-command@npm:1.2.0"
  dependencies:
    shebang-regex: ^1.0.0
  checksum: 2a1e0092a6b80b14ec742ef4e982be8aa670edc7de3e8c68b26744fb535051f7d92518106387b52e9aabe0c1ceae33d23a7dfdb94c3d7f5035c3868b723a2854
  languageName: node
  linkType: hard

"shebang-regex@npm:^1.0.0":
  version: 1.0.0
  resolution: "shebang-regex@npm:1.0.0"
  checksum: cf1a41cb09023e7d39739d7145fcba57c3fabc6728b78ce706f7315cf52dfadf30f7eea664e069224fbcbbfb6ab853bc55ac45f494b47ee73fc209c98487fae5
  languageName: node
  linkType: hard

"shelljs@npm:^0.8.4":
  version: 0.8.4
  resolution: "shelljs@npm:0.8.4"
  dependencies:
    glob: ^7.0.0
    interpret: ^1.0.0
    rechoir: ^0.6.2
  bin:
    shjs: bin/shjs
  checksum: bdf68e3c2a8a6d191dde3be2800bfcfd688c126344ccaf6cf7024cdaf824d0d3523b8e514cd52264f739cbabd2b0569637dd5a8183377347225af918e03ff5dc
  languageName: node
  linkType: hard

"shx@npm:0.3.3":
  version: 0.3.3
  resolution: "shx@npm:0.3.3"
  dependencies:
    minimist: ^1.2.3
    shelljs: ^0.8.4
  bin:
    shx: lib/cli.js
  checksum: 0658009ba63b8043cc44bb19c1086196115606d4ce3db8ce34940479aa3a232fd5e7b75c0072a577978785fde49f13c745169c8760690dbf3b90c02600ff507c
  languageName: node
  linkType: hard

"which@npm:^1.2.9":
  version: 1.3.1
  resolution: "which@npm:1.3.1"
  dependencies:
    isexe: ^2.0.0
  bin:
    which: ./bin/which
  checksum: 298d95f9c185c4da22c1bfb1fdfa37c2ba56df8a6b98706ab361bf31a7d3a4845afaecfc48d4de7a259048842b5f2977f51b56f5c06c1f6a83dcf5a9e3de634a
  languageName: node
  linkType: hard

"workspace-a@1.0.0, workspace-a@workspace:packages/one-package":
  version: 0.0.0-use.local
  resolution: "workspace-a@workspace:packages/one-package"
  dependencies:
    cross-env: 5.0.5
  languageName: unknown
  linkType: soft

"workspace-b@workspace:packages/second-package":
  version: 0.0.0-use.local
  resolution: "workspace-b@workspace:packages/second-package"
  dependencies:
    cross-env: 5.0.5
    shx: 0.3.3
    workspace-a: 1.0.0
  languageName: unknown
  linkType: soft

"wrappy@npm:1":
  version: 1.0.2
  resolution: "wrappy@npm:1.0.2"
  checksum: 519fcda0fcdf0c16327be2de9d98646742307bc830277e8868529fcf7566f2b330a6453c233e0cdcb767d5838dd61a90984a02ecc983bcddebea5ad0833bbf98
  languageName: node
  linkType: hard

"yallist@npm:^2.1.2":
  version: 2.1.2
  resolution: "yallist@npm:2.1.2"
  checksum: f83e3d18eeba68a0276be2ab09260be3f2a300307e84b1565c620ef71f03f106c3df9bec4c3a91e5fa621a038f8826c19b3786804d3795dd4f999e5b6be66ea3
  languageName: node
  linkType: hard

"yarn-paralles-desktop@workspace:.":
  version: 0.0.0-use.local
  resolution: "yarn-paralles-desktop@workspace:."
  languageName: unknown
  linkType: soft
